
Microsoft Visual Studio Solution File, Format Version 12.00
# Visual Studio Version 17
VisualStudioVersion = 17.0.33829.163
MinimumVisualStudioVersion = 10.0.40219.1
Project("{9A19103F-16F7-4668-BE54-9A1E7A4F7556}") = "VersionsCRUD", "VersionsCRUD\VersionsCRUD.csproj", "{FF245A42-7D79-494B-987E-07BA41DA0D67}"
EndProject
Project("{FAE04EC0-301F-11D3-BF4B-00C04F79EFBC}") = "Models", "Models\Models.csproj", "{5240AA69-FEDA-488E-9AA2-24EB8C531825}"
EndProject
Global
	GlobalSection(SolutionConfigurationPlatforms) = preSolution
		Debug|Any CPU = Debug|Any CPU
		Release|Any CPU = Release|Any CPU
	EndGlobalSection
	GlobalSection(ProjectConfigurationPlatforms) = postSolution
		{FF245A42-7D79-494B-987E-07BA41DA0D67}.Debug|Any CPU.ActiveCfg = Debug|Any CPU
		{FF245A42-7D79-494B-987E-07BA41DA0D67}.Debug|Any CPU.Build.0 = Debug|Any CPU
		{FF245A42-7D79-494B-987E-07BA41DA0D67}.Release|Any CPU.ActiveCfg = Release|Any CPU
		{FF245A42-7D79-494B-987E-07BA41DA0D67}.Release|Any CPU.Build.0 = Release|Any CPU
		{5240AA69-FEDA-488E-9AA2-24EB8C531825}.Debug|Any CPU.ActiveCfg = Debug|Any CPU
		{5240AA69-FEDA-488E-9AA2-24EB8C531825}.Debug|Any CPU.Build.0 = Debug|Any CPU
		{5240AA69-FEDA-488E-9AA2-24EB8C531825}.Release|Any CPU.ActiveCfg = Release|Any CPU
		{5240AA69-FEDA-488E-9AA2-24EB8C531825}.Release|Any CPU.Build.0 = Release|Any CPU
	EndGlobalSection
	GlobalSection(SolutionProperties) = preSolution
		HideSolutionNode = FALSE
	EndGlobalSection
	GlobalSection(ExtensibilityGlobals) = postSolution
		SolutionGuid = {FDF8CB22-E6D8-49EB-B6C9-3F26E9DCF429}
	EndGlobalSection
EndGlobal
